
Microsoft Visual Studio Solution File, Format Version 12.00
# Visual Studio Version 16
VisualStudioVersion = 16.0.30711.63
MinimumVisualStudioVersion = 10.0.40219.1
Project("{FAE04EC0-301F-11D3-BF4B-00C04F79EFBC}") = "wa8", "wa8.csproj", "{66449406-CBA4-4AC2-A8BB-5EDFF995AE9A}"
EndProject
Global
	GlobalSection(SolutionConfigurationPlatforms) = preSolution
		Debug|Any CPU = Debug|Any CPU
		Release|Any CPU = Release|Any CPU
	EndGlobalSection
	GlobalSection(ProjectConfigurationPlatforms) = postSolution
		{66449406-CBA4-4AC2-A8BB-5EDFF995AE9A}.Debug|Any CPU.ActiveCfg = Debug|Any CPU
		{66449406-CBA4-4AC2-A8BB-5EDFF995AE9A}.Debug|Any CPU.Build.0 = Debug|Any CPU
		{66449406-CBA4-4AC2-A8BB-5EDFF995AE9A}.Release|Any CPU.ActiveCfg = Release|Any CPU
		{66449406-CBA4-4AC2-A8BB-5EDFF995AE9A}.Release|Any CPU.Build.0 = Release|Any CPU
	EndGlobalSection
	GlobalSection(SolutionProperties) = preSolution
		HideSolutionNode = FALSE
	EndGlobalSection
	GlobalSection(ExtensibilityGlobals) = postSolution
		SolutionGuid = {D5126FFF-CA21-493E-A6EC-CBEF7E55D92C}
	EndGlobalSection
EndGlobal
